
Microsoft Visual Studio Solution File, Format Version 12.00
# Visual Studio Version 17
VisualStudioVersion = 17.5.002.0
MinimumVisualStudioVersion = 10.0.40219.1
Project("{2150E333-8FDC-42A3-9474-1A3956D46DE8}") = "ChallengeProject", "ChallengeProject", "{73E252B3-7E85-4188-B191-B2794140F0B3}"
EndProject
Project("{9A19103F-16F7-4668-BE54-9A1E7A4F7556}") = "Final", "ChallengeProject\Final\Final.csproj", "{8B89E356-D766-4DAF-BC73-1CAB8FF10DBE}"
EndProject
Project("{9A19103F-16F7-4668-BE54-9A1E7A4F7556}") = "Starter", "ChallengeProject\Starter\Starter.csproj", "{1B6EB61A-96C3-4CDA-A5AF-82978951F96D}"
EndProject
Global
	GlobalSection(SolutionConfigurationPlatforms) = preSolution
		Debug|Any CPU = Debug|Any CPU
		Release|Any CPU = Release|Any CPU
	EndGlobalSection
	GlobalSection(ProjectConfigurationPlatforms) = postSolution
		{8B89E356-D766-4DAF-BC73-1CAB8FF10DBE}.Debug|Any CPU.ActiveCfg = Debug|Any CPU
		{8B89E356-D766-4DAF-BC73-1CAB8FF10DBE}.Debug|Any CPU.Build.0 = Debug|Any CPU
		{8B89E356-D766-4DAF-BC73-1CAB8FF10DBE}.Release|Any CPU.ActiveCfg = Release|Any CPU
		{8B89E356-D766-4DAF-BC73-1CAB8FF10DBE}.Release|Any CPU.Build.0 = Release|Any CPU
		{1B6EB61A-96C3-4CDA-A5AF-82978951F96D}.Debug|Any CPU.ActiveCfg = Debug|Any CPU
		{1B6EB61A-96C3-4CDA-A5AF-82978951F96D}.Debug|Any CPU.Build.0 = Debug|Any CPU
		{1B6EB61A-96C3-4CDA-A5AF-82978951F96D}.Release|Any CPU.ActiveCfg = Release|Any CPU
		{1B6EB61A-96C3-4CDA-A5AF-82978951F96D}.Release|Any CPU.Build.0 = Release|Any CPU
	EndGlobalSection
	GlobalSection(SolutionProperties) = preSolution
		HideSolutionNode = FALSE
	EndGlobalSection
	GlobalSection(NestedProjects) = preSolution
		{8B89E356-D766-4DAF-BC73-1CAB8FF10DBE} = {73E252B3-7E85-4188-B191-B2794140F0B3}
		{1B6EB61A-96C3-4CDA-A5AF-82978951F96D} = {73E252B3-7E85-4188-B191-B2794140F0B3}
	EndGlobalSection
	GlobalSection(ExtensibilityGlobals) = postSolution
		SolutionGuid = {76292734-946E-4E7B-A878-BE262BA06D2B}
	EndGlobalSection
EndGlobal
